// !$*UTF8*$!
{
	archiveVersion = 1;
	classes = {
	};
	objectVersion = 56;
	objects = {

/* Begin PBXBuildFile section */
		0815926729B7C06B006EF7BA /* AmiiboCell.swift in Sources */ = {isa = PBXBuildFile; fileRef = 0815926629B7C06B006EF7BA /* AmiiboCell.swift */; };
		0815926929B7CD01006EF7BA /* CustomImageView.swift in Sources */ = {isa = PBXBuildFile; fileRef = 0815926829B7CD01006EF7BA /* CustomImageView.swift */; };
		0850355D29B67CEA0048B25A /* AppDelegate.swift in Sources */ = {isa = PBXBuildFile; fileRef = 0850355C29B67CEA0048B25A /* AppDelegate.swift */; };
		0850355F29B67CEA0048B25A /* SceneDelegate.swift in Sources */ = {isa = PBXBuildFile; fileRef = 0850355E29B67CEA0048B25A /* SceneDelegate.swift */; };
		0850356129B67CEA0048B25A /* ViewController.swift in Sources */ = {isa = PBXBuildFile; fileRef = 0850356029B67CEA0048B25A /* ViewController.swift */; };
		0850356629B67CED0048B25A /* Assets.xcassets in Resources */ = {isa = PBXBuildFile; fileRef = 0850356529B67CED0048B25A /* Assets.xcassets */; };
		0850356929B67CED0048B25A /* LaunchScreen.storyboard in Resources */ = {isa = PBXBuildFile; fileRef = 0850356729B67CED0048B25A /* LaunchScreen.storyboard */; };
		0850357129B67DB30048B25A /* AmiiboAPI.swift in Sources */ = {isa = PBXBuildFile; fileRef = 0850357029B67DB30048B25A /* AmiiboAPI.swift */; };
		08A260A629BA4DC2005D7B53 /* AmiiboForView.swift in Sources */ = {isa = PBXBuildFile; fileRef = 08A260A529BA4DC2005D7B53 /* AmiiboForView.swift */; };
		08A260A829BA5254005D7B53 /* AmiiboDetailViewController.swift in Sources */ = {isa = PBXBuildFile; fileRef = 08A260A729BA5254005D7B53 /* AmiiboDetailViewController.swift */; };
/* End PBXBuildFile section */

/* Begin PBXFileReference section */
		0815926629B7C06B006EF7BA /* AmiiboCell.swift */ = {isa = PBXFileReference; lastKnownFileType = sourcecode.swift; path = AmiiboCell.swift; sourceTree = "<group>"; };
		0815926829B7CD01006EF7BA /* CustomImageView.swift */ = {isa = PBXFileReference; lastKnownFileType = sourcecode.swift; path = CustomImageView.swift; sourceTree = "<group>"; };
		0850355929B67CEA0048B25A /* AmiiboAPI.app */ = {isa = PBXFileReference; explicitFileType = wrapper.application; includeInIndex = 0; path = AmiiboAPI.app; sourceTree = BUILT_PRODUCTS_DIR; };
		0850355C29B67CEA0048B25A /* AppDelegate.swift */ = {isa = PBXFileReference; lastKnownFileType = sourcecode.swift; path = AppDelegate.swift; sourceTree = "<group>"; };
		0850355E29B67CEA0048B25A /* SceneDelegate.swift */ = {isa = PBXFileReference; lastKnownFileType = sourcecode.swift; path = SceneDelegate.swift; sourceTree = "<group>"; };
		0850356029B67CEA0048B25A /* ViewController.swift */ = {isa = PBXFileReference; lastKnownFileType = sourcecode.swift; path = ViewController.swift; sourceTree = "<group>"; };
		0850356529B67CED0048B25A /* Assets.xcassets */ = {isa = PBXFileReference; lastKnownFileType = folder.assetcatalog; path = Assets.xcassets; sourceTree = "<group>"; };
		0850356829B67CED0048B25A /* Base */ = {isa = PBXFileReference; lastKnownFileType = file.storyboard; name = Base; path = Base.lproj/LaunchScreen.storyboard; sourceTree = "<group>"; };
		0850356A29B67CED0048B25A /* Info.plist */ = {isa = PBXFileReference; lastKnownFileType = text.plist.xml; path = Info.plist; sourceTree = "<group>"; };
		0850357029B67DB30048B25A /* AmiiboAPI.swift */ = {isa = PBXFileReference; lastKnownFileType = sourcecode.swift; path = AmiiboAPI.swift; sourceTree = "<group>"; };
		08A260A529BA4DC2005D7B53 /* AmiiboForView.swift */ = {isa = PBXFileReference; lastKnownFileType = sourcecode.swift; path = AmiiboForView.swift; sourceTree = "<group>"; };
		08A260A729BA5254005D7B53 /* AmiiboDetailViewController.swift */ = {isa = PBXFileReference; lastKnownFileType = sourcecode.swift; path = AmiiboDetailViewController.swift; sourceTree = "<group>"; };
/* End PBXFileReference section */

/* Begin PBXFrameworksBuildPhase section */
		0850355629B67CEA0048B25A /* Frameworks */ = {
			isa = PBXFrameworksBuildPhase;
			buildActionMask = 2147483647;
			files = (
			);
			runOnlyForDeploymentPostprocessing = 0;
		};
/* End PBXFrameworksBuildPhase section */

/* Begin PBXGroup section */
		0850355029B67CEA0048B25A = {
			isa = PBXGroup;
			children = (
				0850355B29B67CEA0048B25A /* AmiiboAPI */,
				0850355A29B67CEA0048B25A /* Products */,
			);
			sourceTree = "<group>";
		};
		0850355A29B67CEA0048B25A /* Products */ = {
			isa = PBXGroup;
			children = (
				0850355929B67CEA0048B25A /* AmiiboAPI.app */,
			);
			name = Products;
			sourceTree = "<group>";
		};
		0850355B29B67CEA0048B25A /* AmiiboAPI */ = {
			isa = PBXGroup;
			children = (
				0850355C29B67CEA0048B25A /* AppDelegate.swift */,
				0850355E29B67CEA0048B25A /* SceneDelegate.swift */,
				0850357029B67DB30048B25A /* AmiiboAPI.swift */,
				0815926629B7C06B006EF7BA /* AmiiboCell.swift */,
				08A260A529BA4DC2005D7B53 /* AmiiboForView.swift */,
				0815926829B7CD01006EF7BA /* CustomImageView.swift */,
				08A260A729BA5254005D7B53 /* AmiiboDetailViewController.swift */,
				0850356029B67CEA0048B25A /* ViewController.swift */,
				0850356529B67CED0048B25A /* Assets.xcassets */,
				0850356729B67CED0048B25A /* LaunchScreen.storyboard */,
				0850356A29B67CED0048B25A /* Info.plist */,
			);
			path = AmiiboAPI;
			sourceTree = "<group>";
		};
/* End PBXGroup section */

/* Begin PBXNativeTarget section */
		0850355829B67CEA0048B25A /* AmiiboAPI */ = {
			isa = PBXNativeTarget;
			buildConfigurationList = 0850356D29B67CED0048B25A /* Build configuration list for PBXNativeTarget "AmiiboAPI" */;
			buildPhases = (
				0850355529B67CEA0048B25A /* Sources */,
				0850355629B67CEA0048B25A /* Frameworks */,
				0850355729B67CEA0048B25A /* Resources */,
			);
			buildRules = (
			);
			dependencies = (
			);
			name = AmiiboAPI;
			productName = AmiiboAPI;
			productReference = 0850355929B67CEA0048B25A /* AmiiboAPI.app */;
			productType = "com.apple.product-type.application";
		};
/* End PBXNativeTarget section */

/* Begin PBXProject section */
		0850355129B67CEA0048B25A /* Project object */ = {
			isa = PBXProject;
			attributes = {
				BuildIndependentTargetsInParallel = 1;
				LastSwiftUpdateCheck = 1410;
				LastUpgradeCheck = 1410;
				TargetAttributes = {
					0850355829B67CEA0048B25A = {
						CreatedOnToolsVersion = 14.1;
					};
				};
			};
			buildConfigurationList = 0850355429B67CEA0048B25A /* Build configuration list for PBXProject "AmiiboAPI" */;
			compatibilityVersion = "Xcode 14.0";
			developmentRegion = en;
			hasScannedForEncodings = 0;
			knownRegions = (
				en,
				Base,
			);
			mainGroup = 0850355029B67CEA0048B25A;
			productRefGroup = 0850355A29B67CEA0048B25A /* Products */;
			projectDirPath = "";
			projectRoot = "";
			targets = (
				0850355829B67CEA0048B25A /* AmiiboAPI */,
			);
		};
/* End PBXProject section */

/* Begin PBXResourcesBuildPhase section */
		0850355729B67CEA0048B25A /* Resources */ = {
			isa = PBXResourcesBuildPhase;
			buildActionMask = 2147483647;
			files = (
				0850356929B67CED0048B25A /* LaunchScreen.storyboard in Resources */,
				0850356629B67CED0048B25A /* Assets.xcassets in Resources */,
			);
			runOnlyForDeploymentPostprocessing = 0;
		};
/* End PBXResourcesBuildPhase section */

/* Begin PBXSourcesBuildPhase section */
		0850355529B67CEA0048B25A /* Sources */ = {
			isa = PBXSourcesBuildPhase;
			buildActionMask = 2147483647;
			files = (
				0850356129B67CEA0048B25A /* ViewController.swift in Sources */,
				0815926929B7CD01006EF7BA /* CustomImageView.swift in Sources */,
				0850357129B67DB30048B25A /* AmiiboAPI.swift in Sources */,
				0850355D29B67CEA0048B25A /* AppDelegate.swift in Sources */,
				08A260A829BA5254005D7B53 /* AmiiboDetailViewController.swift in Sources */,
				0850355F29B67CEA0048B25A /* SceneDelegate.swift in Sources */,
				0815926729B7C06B006EF7BA /* AmiiboCell.swift in Sources */,
				08A260A629BA4DC2005D7B53 /* AmiiboForView.swift in Sources */,
			);
			runOnlyForDeploymentPostprocessing = 0;
		};
/* End PBXSourcesBuildPhase section */

/* Begin PBXVariantGroup section */
		0850356729B67CED0048B25A /* LaunchScreen.storyboard */ = {
			isa = PBXVariantGroup;
			children = (
				0850356829B67CED0048B25A /* Base */,
			);
			name = LaunchScreen.storyboard;
			sourceTree = "<group>";
		};
/* End PBXVariantGroup section */

/* Begin XCBuildConfiguration section */
		0850356B29B67CED0048B25A /* Debug */ = {
			isa = XCBuildConfiguration;
			buildSettings = {
				ALWAYS_SEARCH_USER_PATHS = NO;
				CLANG_ANALYZER_NONNULL = YES;
				CLANG_ANALYZER_NUMBER_OBJECT_CONVERSION = YES_AGGRESSIVE;
				CLANG_CXX_LANGUAGE_STANDARD = "gnu++20";
				CLANG_ENABLE_MODULES = YES;
				CLANG_ENABLE_OBJC_ARC = YES;
				CLANG_ENABLE_OBJC_WEAK = YES;
				CLANG_WARN_BLOCK_CAPTURE_AUTORELEASING = YES;
				CLANG_WARN_BOOL_CONVERSION = YES;
				CLANG_WARN_COMMA = YES;
				CLANG_WARN_CONSTANT_CONVERSION = YES;
				CLANG_WARN_DEPRECATED_OBJC_IMPLEMENTATIONS = YES;
				CLANG_WARN_DIRECT_OBJC_ISA_USAGE = YES_ERROR;
				CLANG_WARN_DOCUMENTATION_COMMENTS = YES;
				CLANG_WARN_EMPTY_BODY = YES;
				CLANG_WARN_ENUM_CONVERSION = YES;
				CLANG_WARN_INFINITE_RECURSION = YES;
				CLANG_WARN_INT_CONVERSION = YES;
				CLANG_WARN_NON_LITERAL_NULL_CONVERSION = YES;
				CLANG_WARN_OBJC_IMPLICIT_RETAIN_SELF = YES;
				CLANG_WARN_OBJC_LITERAL_CONVERSION = YES;
				CLANG_WARN_OBJC_ROOT_CLASS = YES_ERROR;
				CLANG_WARN_QUOTED_INCLUDE_IN_FRAMEWORK_HEADER = YES;
				CLANG_WARN_RANGE_LOOP_ANALYSIS = YES;
				CLANG_WARN_STRICT_PROTOTYPES = YES;
				CLANG_WARN_SUSPICIOUS_MOVE = YES;
				CLANG_WARN_UNGUARDED_AVAILABILITY = YES_AGGRESSIVE;
				CLANG_WARN_UNREACHABLE_CODE = YES;
				CLANG_WARN__DUPLICATE_METHOD_MATCH = YES;
				COPY_PHASE_STRIP = NO;
				DEBUG_INFORMATION_FORMAT = dwarf;
				ENABLE_STRICT_OBJC_MSGSEND = YES;
				ENABLE_TESTABILITY = YES;
				GCC_C_LANGUAGE_STANDARD = gnu11;
				GCC_DYNAMIC_NO_PIC = NO;
				GCC_NO_COMMON_BLOCKS = YES;
				GCC_OPTIMIZATION_LEVEL = 0;
				GCC_PREPROCESSOR_DEFINITIONS = (
					"DEBUG=1",
					"$(inherited)",
				);
				GCC_WARN_64_TO_32_BIT_CONVERSION = YES;
				GCC_WARN_ABOUT_RETURN_TYPE = YES_ERROR;
				GCC_WARN_UNDECLARED_SELECTOR = YES;
				GCC_WARN_UNINITIALIZED_AUTOS = YES_AGGRESSIVE;
				GCC_WARN_UNUSED_FUNCTION = YES;
				GCC_WARN_UNUSED_VARIABLE = YES;
				IPHONEOS_DEPLOYMENT_TARGET = 16.1;
				MTL_ENABLE_DEBUG_INFO = INCLUDE_SOURCE;
				MTL_FAST_MATH = YES;
				ONLY_ACTIVE_ARCH = YES;
				SDKROOT = iphoneos;
				SWIFT_ACTIVE_COMPILATION_CONDITIONS = DEBUG;
				SWIFT_OPTIMIZATION_LEVEL = "-Onone";
			};
			name = Debug;
		};
		0850356C29B67CED0048B25A /* Release */ = {
			isa = XCBuildConfiguration;
			buildSettings = {
				ALWAYS_SEARCH_USER_PATHS = NO;
				CLANG_ANALYZER_NONNULL = YES;
				CLANG_ANALYZER_NUMBER_OBJECT_CONVERSION = YES_AGGRESSIVE;
				CLANG_CXX_LANGUAGE_STANDARD = "gnu++20";
				CLANG_ENABLE_MODULES = YES;
				CLANG_ENABLE_OBJC_ARC = YES;
				CLANG_ENABLE_OBJC_WEAK = YES;
				CLANG_WARN_BLOCK_CAPTURE_AUTORELEASING = YES;
				CLANG_WARN_BOOL_CONVERSION = YES;
				CLANG_WARN_COMMA = YES;
				CLANG_WARN_CONSTANT_CONVERSION = YES;
				CLANG_WARN_DEPRECATED_OBJC_IMPLEMENTATIONS = YES;
				CLANG_WARN_DIRECT_OBJC_ISA_USAGE = YES_ERROR;
				CLANG_WARN_DOCUMENTATION_COMMENTS = YES;
				CLANG_WARN_EMPTY_BODY = YES;
				CLANG_WARN_ENUM_CONVERSION = YES;
				CLANG_WARN_INFINITE_RECURSION = YES;
				CLANG_WARN_INT_CONVERSION = YES;
				CLANG_WARN_NON_LITERAL_NULL_CONVERSION = YES;
				CLANG_WARN_OBJC_IMPLICIT_RETAIN_SELF = YES;
				CLANG_WARN_OBJC_LITERAL_CONVERSION = YES;
				CLANG_WARN_OBJC_ROOT_CLASS = YES_ERROR;
				CLANG_WARN_QUOTED_INCLUDE_IN_FRAMEWORK_HEADER = YES;
				CLANG_WARN_RANGE_LOOP_ANALYSIS = YES;
				CLANG_WARN_STRICT_PROTOTYPES = YES;
				CLANG_WARN_SUSPICIOUS_MOVE = YES;
				CLANG_WARN_UNGUARDED_AVAILABILITY = YES_AGGRESSIVE;
				CLANG_WARN_UNREACHABLE_CODE = YES;
				CLANG_WARN__DUPLICATE_METHOD_MATCH = YES;
				COPY_PHASE_STRIP = NO;
				DEBUG_INFORMATION_FORMAT = "dwarf-with-dsym";
				ENABLE_NS_ASSERTIONS = NO;
				ENABLE_STRICT_OBJC_MSGSEND = YES;
				GCC_C_LANGUAGE_STANDARD = gnu11;
				GCC_NO_COMMON_BLOCKS = YES;
				GCC_WARN_64_TO_32_BIT_CONVERSION = YES;
				GCC_WARN_ABOUT_RETURN_TYPE = YES_ERROR;
				GCC_WARN_UNDECLARED_SELECTOR = YES;
				GCC_WARN_UNINITIALIZED_AUTOS = YES_AGGRESSIVE;
				GCC_WARN_UNUSED_FUNCTION = YES;
				GCC_WARN_UNUSED_VARIABLE = YES;
				IPHONEOS_DEPLOYMENT_TARGET = 16.1;
				MTL_ENABLE_DEBUG_INFO = NO;
				MTL_FAST_MATH = YES;
				SDKROOT = iphoneos;
				SWIFT_COMPILATION_MODE = wholemodule;
				SWIFT_OPTIMIZATION_LEVEL = "-O";
				VALIDATE_PRODUCT = YES;
			};
			name = Release;
		};
		0850356E29B67CED0048B25A /* Debug */ = {
			isa = XCBuildConfiguration;
			buildSettings = {
				ASSETCATALOG_COMPILER_APPICON_NAME = AppIcon;
				ASSETCATALOG_COMPILER_GLOBAL_ACCENT_COLOR_NAME = AccentColor;
				CODE_SIGN_STYLE = Automatic;
				CURRENT_PROJECT_VERSION = 1;
				DEVELOPMENT_TEAM = S98769RWBA;
				GENERATE_INFOPLIST_FILE = YES;
				INFOPLIST_FILE = AmiiboAPI/Info.plist;
				INFOPLIST_KEY_LSApplicationCategoryType = "";
				INFOPLIST_KEY_UIApplicationSupportsIndirectInputEvents = YES;
				INFOPLIST_KEY_UILaunchStoryboardName = LaunchScreen;
				INFOPLIST_KEY_UIMainStoryboardFile = "";
				INFOPLIST_KEY_UISupportedInterfaceOrientations_iPad = "UIInterfaceOrientationPortrait UIInterfaceOrientationPortraitUpsideDown UIInterfaceOrientationLandscapeLeft UIInterfaceOrientationLandscapeRight";
				INFOPLIST_KEY_UISupportedInterfaceOrientations_iPhone = "UIInterfaceOrientationPortrait UIInterfaceOrientationLandscapeLeft UIInterfaceOrientationLandscapeRight";
				LD_RUNPATH_SEARCH_PATHS = (
					"$(inherited)",
					"@executable_path/Frameworks",
				);
				MARKETING_VERSION = 1.0;
				PRODUCT_BUNDLE_IDENTIFIER = ivanjko.AmiiboAPI;
				PRODUCT_NAME = "$(TARGET_NAME)";
				SWIFT_EMIT_LOC_STRINGS = YES;
				SWIFT_VERSION = 5.0;
				TARGETED_DEVICE_FAMILY = "1,2";
			};
			name = Debug;
		};
		0850356F29B67CED0048B25A /* Release */ = {
			isa = XCBuildConfiguration;
			buildSettings = {
				ASSETCATALOG_COMPILER_APPICON_NAME = AppIcon;
				ASSETCATALOG_COMPILER_GLOBAL_ACCENT_COLOR_NAME = AccentColor;
				CODE_SIGN_STYLE = Automatic;
				CURRENT_PROJECT_VERSION = 1;
				DEVELOPMENT_TEAM = S98769RWBA;
				GENERATE_INFOPLIST_FILE = YES;
				INFOPLIST_FILE = AmiiboAPI/Info.plist;
				INFOPLIST_KEY_LSApplicationCategoryType = "";
				INFOPLIST_KEY_UIApplicationSupportsIndirectInputEvents = YES;
				INFOPLIST_KEY_UILaunchStoryboardName = LaunchScreen;
				INFOPLIST_KEY_UIMainStoryboardFile = "";
				INFOPLIST_KEY_UISupportedInterfaceOrientations_iPad = "UIInterfaceOrientationPortrait UIInterfaceOrientationPortraitUpsideDown UIInterfaceOrientationLandscapeLeft UIInterfaceOrientationLandscapeRight";
				INFOPLIST_KEY_UISupportedInterfaceOrientations_iPhone = "UIInterfaceOrientationPortrait UIInterfaceOrientationLandscapeLeft UIInterfaceOrientationLandscapeRight";
				LD_RUNPATH_SEARCH_PATHS = (
					"$(inherited)",
					"@executable_path/Frameworks",
				);
				MARKETING_VERSION = 1.0;
				PRODUCT_BUNDLE_IDENTIFIER = ivanjko.AmiiboAPI;
				PRODUCT_NAME = "$(TARGET_NAME)";
				SWIFT_EMIT_LOC_STRINGS = YES;
				SWIFT_VERSION = 5.0;
				TARGETED_DEVICE_FAMILY = "1,2";
			};
			name = Release;
		};
/* End XCBuildConfiguration section */

/* Begin XCConfigurationList section */
		0850355429B67CEA0048B25A /* Build configuration list for PBXProject "AmiiboAPI" */ = {
			isa = XCConfigurationList;
			buildConfigurations = (
				0850356B29B67CED0048B25A /* Debug */,
				0850356C29B67CED0048B25A /* Release */,
			);
			defaultConfigurationIsVisible = 0;
			defaultConfigurationName = Release;
		};
		0850356D29B67CED0048B25A /* Build configuration list for PBXNativeTarget "AmiiboAPI" */ = {
			isa = XCConfigurationList;
			buildConfigurations = (
				0850356E29B67CED0048B25A /* Debug */,
				0850356F29B67CED0048B25A /* Release */,
			);
			defaultConfigurationIsVisible = 0;
			defaultConfigurationName = Release;
		};
/* End XCConfigurationList section */
	};
	rootObject = 0850355129B67CEA0048B25A /* Project object */;
}
